// !$*UTF8*$!
{
	archiveVersion = 1;
	classes = {
	};
	objectVersion = 50;
	objects = {

/* Begin PBXBuildFile section */
		2E69E96121954C550044F6C7 /* AppDelegate.m in Sources */ = {isa = PBXBuildFile; fileRef = 2E69E96021954C550044F6C7 /* AppDelegate.m */; };
		2E69E96421954C550044F6C7 /* ViewController.m in Sources */ = {isa = PBXBuildFile; fileRef = 2E69E96321954C550044F6C7 /* ViewController.m */; };
		2E69E96721954C550044F6C7 /* Main.storyboard in Resources */ = {isa = PBXBuildFile; fileRef = 2E69E96521954C550044F6C7 /* Main.storyboard */; };
		2E69E96921954C570044F6C7 /* Assets.xcassets in Resources */ = {isa = PBXBuildFile; fileRef = 2E69E96821954C570044F6C7 /* Assets.xcassets */; };
		2E69E96C21954C570044F6C7 /* LaunchScreen.storyboard in Resources */ = {isa = PBXBuildFile; fileRef = 2E69E96A21954C570044F6C7 /* LaunchScreen.storyboard */; };
		2E69E96F21954C570044F6C7 /* main.m in Sources */ = {isa = PBXBuildFile; fileRef = 2E69E96E21954C570044F6C7 /* main.m */; };
		2E69E97921954C570044F6C7 /* CHCategrouTests.m in Sources */ = {isa = PBXBuildFile; fileRef = 2E69E97821954C570044F6C7 /* CHCategrouTests.m */; };
		2E69E98421954C570044F6C7 /* CHCategrouUITests.m in Sources */ = {isa = PBXBuildFile; fileRef = 2E69E98321954C570044F6C7 /* CHCategrouUITests.m */; };
/* End PBXBuildFile section */

/* Begin PBXContainerItemProxy section */
		2E69E97521954C570044F6C7 /* PBXContainerItemProxy */ = {
			isa = PBXContainerItemProxy;
			containerPortal = 2E69E95421954C550044F6C7 /* Project object */;
			proxyType = 1;
			remoteGlobalIDString = 2E69E95B21954C550044F6C7;
			remoteInfo = CHCategrou;
		};
		2E69E98021954C570044F6C7 /* PBXContainerItemProxy */ = {
			isa = PBXContainerItemProxy;
			containerPortal = 2E69E95421954C550044F6C7 /* Project object */;
			proxyType = 1;
			remoteGlobalIDString = 2E69E95B21954C550044F6C7;
			remoteInfo = CHCategrou;
		};
/* End PBXContainerItemProxy section */

/* Begin PBXFileReference section */
		2E69E95C21954C550044F6C7 /* CHCategrou.app */ = {isa = PBXFileReference; explicitFileType = wrapper.application; includeInIndex = 0; path = CHCategrou.app; sourceTree = BUILT_PRODUCTS_DIR; };
		2E69E95F21954C550044F6C7 /* AppDelegate.h */ = {isa = PBXFileReference; lastKnownFileType = sourcecode.c.h; path = AppDelegate.h; sourceTree = "<group>"; };
		2E69E96021954C550044F6C7 /* AppDelegate.m */ = {isa = PBXFileReference; lastKnownFileType = sourcecode.c.objc; path = AppDelegate.m; sourceTree = "<group>"; };
		2E69E96221954C550044F6C7 /* ViewController.h */ = {isa = PBXFileReference; lastKnownFileType = sourcecode.c.h; path = ViewController.h; sourceTree = "<group>"; };
		2E69E96321954C550044F6C7 /* ViewController.m */ = {isa = PBXFileReference; lastKnownFileType = sourcecode.c.objc; path = ViewController.m; sourceTree = "<group>"; };
		2E69E96621954C550044F6C7 /* Base */ = {isa = PBXFileReference; lastKnownFileType = file.storyboard; name = Base; path = Base.lproj/Main.storyboard; sourceTree = "<group>"; };
		2E69E96821954C570044F6C7 /* Assets.xcassets */ = {isa = PBXFileReference; lastKnownFileType = folder.assetcatalog; path = Assets.xcassets; sourceTree = "<group>"; };
		2E69E96B21954C570044F6C7 /* Base */ = {isa = PBXFileReference; lastKnownFileType = file.storyboard; name = Base; path = Base.lproj/LaunchScreen.storyboard; sourceTree = "<group>"; };
		2E69E96D21954C570044F6C7 /* Info.plist */ = {isa = PBXFileReference; lastKnownFileType = text.plist.xml; path = Info.plist; sourceTree = "<group>"; };
		2E69E96E21954C570044F6C7 /* main.m */ = {isa = PBXFileReference; lastKnownFileType = sourcecode.c.objc; path = main.m; sourceTree = "<group>"; };
		2E69E97421954C570044F6C7 /* CHCategrouTests.xctest */ = {isa = PBXFileReference; explicitFileType = wrapper.cfbundle; includeInIndex = 0; path = CHCategrouTests.xctest; sourceTree = BUILT_PRODUCTS_DIR; };
		2E69E97821954C570044F6C7 /* CHCategrouTests.m */ = {isa = PBXFileReference; lastKnownFileType = sourcecode.c.objc; path = CHCategrouTests.m; sourceTree = "<group>"; };
		2E69E97A21954C570044F6C7 /* Info.plist */ = {isa = PBXFileReference; lastKnownFileType = text.plist.xml; path = Info.plist; sourceTree = "<group>"; };
		2E69E97F21954C570044F6C7 /* CHCategrouUITests.xctest */ = {isa = PBXFileReference; explicitFileType = wrapper.cfbundle; includeInIndex = 0; path = CHCategrouUITests.xctest; sourceTree = BUILT_PRODUCTS_DIR; };
		2E69E98321954C570044F6C7 /* CHCategrouUITests.m */ = {isa = PBXFileReference; lastKnownFileType = sourcecode.c.objc; path = CHCategrouUITests.m; sourceTree = "<group>"; };
		2E69E98521954C570044F6C7 /* Info.plist */ = {isa = PBXFileReference; lastKnownFileType = text.plist.xml; path = Info.plist; sourceTree = "<group>"; };
/* End PBXFileReference section */

/* Begin PBXFrameworksBuildPhase section */
		2E69E95921954C550044F6C7 /* Frameworks */ = {
			isa = PBXFrameworksBuildPhase;
			buildActionMask = 2147483647;
			files = (
			);
			runOnlyForDeploymentPostprocessing = 0;
		};
		2E69E97121954C570044F6C7 /* Frameworks */ = {
			isa = PBXFrameworksBuildPhase;
			buildActionMask = 2147483647;
			files = (
			);
			runOnlyForDeploymentPostprocessing = 0;
		};
		2E69E97C21954C570044F6C7 /* Frameworks */ = {
			isa = PBXFrameworksBuildPhase;
			buildActionMask = 2147483647;
			files = (
			);
			runOnlyForDeploymentPostprocessing = 0;
		};
/* End PBXFrameworksBuildPhase section */

/* Begin PBXGroup section */
		2E69E95321954C550044F6C7 = {
			isa = PBXGroup;
			children = (
				2E69E95E21954C550044F6C7 /* CHCategrou */,
				2E69E97721954C570044F6C7 /* CHCategrouTests */,
				2E69E98221954C570044F6C7 /* CHCategrouUITests */,
				2E69E95D21954C550044F6C7 /* Products */,
			);
			sourceTree = "<group>";
		};
		2E69E95D21954C550044F6C7 /* Products */ = {
			isa = PBXGroup;
			children = (
				2E69E95C21954C550044F6C7 /* CHCategrou.app */,
				2E69E97421954C570044F6C7 /* CHCategrouTests.xctest */,
				2E69E97F21954C570044F6C7 /* CHCategrouUITests.xctest */,
			);
			name = Products;
			sourceTree = "<group>";
		};
		2E69E95E21954C550044F6C7 /* CHCategrou */ = {
			isa = PBXGroup;
			children = (
				2E69E95F21954C550044F6C7 /* AppDelegate.h */,
				2E69E96021954C550044F6C7 /* AppDelegate.m */,
				2E69E96221954C550044F6C7 /* ViewController.h */,
				2E69E96321954C550044F6C7 /* ViewController.m */,
				2E69E96521954C550044F6C7 /* Main.storyboard */,
				2E69E96821954C570044F6C7 /* Assets.xcassets */,
				2E69E96A21954C570044F6C7 /* LaunchScreen.storyboard */,
				2E69E96D21954C570044F6C7 /* Info.plist */,
				2E69E96E21954C570044F6C7 /* main.m */,
			);
			path = CHCategrou;
			sourceTree = "<group>";
		};
		2E69E97721954C570044F6C7 /* CHCategrouTests */ = {
			isa = PBXGroup;
			children = (
				2E69E97821954C570044F6C7 /* CHCategrouTests.m */,
				2E69E97A21954C570044F6C7 /* Info.plist */,
			);
			path = CHCategrouTests;
			sourceTree = "<group>";
		};
		2E69E98221954C570044F6C7 /* CHCategrouUITests */ = {
			isa = PBXGroup;
			children = (
				2E69E98321954C570044F6C7 /* CHCategrouUITests.m */,
				2E69E98521954C570044F6C7 /* Info.plist */,
			);
			path = CHCategrouUITests;
			sourceTree = "<group>";
		};
/* End PBXGroup section */

/* Begin PBXNativeTarget section */
		2E69E95B21954C550044F6C7 /* CHCategrou */ = {
			isa = PBXNativeTarget;
			buildConfigurationList = 2E69E98821954C570044F6C7 /* Build configuration list for PBXNativeTarget "CHCategrou" */;
			buildPhases = (
				2E69E95821954C550044F6C7 /* Sources */,
				2E69E95921954C550044F6C7 /* Frameworks */,
				2E69E95A21954C550044F6C7 /* Resources */,
			);
			buildRules = (
			);
			dependencies = (
			);
			name = CHCategrou;
			productName = CHCategrou;
			productReference = 2E69E95C21954C550044F6C7 /* CHCategrou.app */;
			productType = "com.apple.product-type.application";
		};
		2E69E97321954C570044F6C7 /* CHCategrouTests */ = {
			isa = PBXNativeTarget;
			buildConfigurationList = 2E69E98B21954C570044F6C7 /* Build configuration list for PBXNativeTarget "CHCategrouTests" */;
			buildPhases = (
				2E69E97021954C570044F6C7 /* Sources */,
				2E69E97121954C570044F6C7 /* Frameworks */,
				2E69E97221954C570044F6C7 /* Resources */,
			);
			buildRules = (
			);
			dependencies = (
				2E69E97621954C570044F6C7 /* PBXTargetDependency */,
			);
			name = CHCategrouTests;
			productName = CHCategrouTests;
			productReference = 2E69E97421954C570044F6C7 /* CHCategrouTests.xctest */;
			productType = "com.apple.product-type.bundle.unit-test";
		};
		2E69E97E21954C570044F6C7 /* CHCategrouUITests */ = {
			isa = PBXNativeTarget;
			buildConfigurationList = 2E69E98E21954C570044F6C7 /* Build configuration list for PBXNativeTarget "CHCategrouUITests" */;
			buildPhases = (
				2E69E97B21954C570044F6C7 /* Sources */,
				2E69E97C21954C570044F6C7 /* Frameworks */,
				2E69E97D21954C570044F6C7 /* Resources */,
			);
			buildRules = (
			);
			dependencies = (
				2E69E98121954C570044F6C7 /* PBXTargetDependency */,
			);
			name = CHCategrouUITests;
			productName = CHCategrouUITests;
			productReference = 2E69E97F21954C570044F6C7 /* CHCategrouUITests.xctest */;
			productType = "com.apple.product-type.bundle.ui-testing";
		};
/* End PBXNativeTarget section */

/* Begin PBXProject section */
		2E69E95421954C550044F6C7 /* Project object */ = {
			isa = PBXProject;
			attributes = {
				LastUpgradeCheck = 1000;
				ORGANIZATIONNAME = chenhui;
				TargetAttributes = {
					2E69E95B21954C550044F6C7 = {
						CreatedOnToolsVersion = 10.0;
					};
					2E69E97321954C570044F6C7 = {
						CreatedOnToolsVersion = 10.0;
						TestTargetID = 2E69E95B21954C550044F6C7;
					};
					2E69E97E21954C570044F6C7 = {
						CreatedOnToolsVersion = 10.0;
						TestTargetID = 2E69E95B21954C550044F6C7;
					};
				};
			};
			buildConfigurationList = 2E69E95721954C550044F6C7 /* Build configuration list for PBXProject "CHCategrou" */;
			compatibilityVersion = "Xcode 9.3";
			developmentRegion = en;
			hasScannedForEncodings = 0;
			knownRegions = (
				en,
				Base,
			);
			mainGroup = 2E69E95321954C550044F6C7;
			productRefGroup = 2E69E95D21954C550044F6C7 /* Products */;
			projectDirPath = "";
			projectRoot = "";
			targets = (
				2E69E95B21954C550044F6C7 /* CHCategrou */,
				2E69E97321954C570044F6C7 /* CHCategrouTests */,
				2E69E97E21954C570044F6C7 /* CHCategrouUITests */,
			);
		};
/* End PBXProject section */

/* Begin PBXResourcesBuildPhase section */
		2E69E95A21954C550044F6C7 /* Resources */ = {
			isa = PBXResourcesBuildPhase;
			buildActionMask = 2147483647;
			files = (
				2E69E96C21954C570044F6C7 /* LaunchScreen.storyboard in Resources */,
				2E69E96921954C570044F6C7 /* Assets.xcassets in Resources */,
				2E69E96721954C550044F6C7 /* Main.storyboard in Resources */,
			);
			runOnlyForDeploymentPostprocessing = 0;
		};
		2E69E97221954C570044F6C7 /* Resources */ = {
			isa = PBXResourcesBuildPhase;
			buildActionMask = 2147483647;
			files = (
			);
			runOnlyForDeploymentPostprocessing = 0;
		};
		2E69E97D21954C570044F6C7 /* Resources */ = {
			isa = PBXResourcesBuildPhase;
			buildActionMask = 2147483647;
			files = (
			);
			runOnlyForDeploymentPostprocessing = 0;
		};
/* End PBXResourcesBuildPhase section */

/* Begin PBXSourcesBuildPhase section */
		2E69E95821954C550044F6C7 /* Sources */ = {
			isa = PBXSourcesBuildPhase;
			buildActionMask = 2147483647;
			files = (
				2E69E96421954C550044F6C7 /* ViewController.m in Sources */,
				2E69E96F21954C570044F6C7 /* main.m in Sources */,
				2E69E96121954C550044F6C7 /* AppDelegate.m in Sources */,
			);
			runOnlyForDeploymentPostprocessing = 0;
		};
		2E69E97021954C570044F6C7 /* Sources */ = {
			isa = PBXSourcesBuildPhase;
			buildActionMask = 2147483647;
			files = (
				2E69E97921954C570044F6C7 /* CHCategrouTests.m in Sources */,
			);
			runOnlyForDeploymentPostprocessing = 0;
		};
		2E69E97B21954C570044F6C7 /* Sources */ = {
			isa = PBXSourcesBuildPhase;
			buildActionMask = 2147483647;
			files = (
				2E69E98421954C570044F6C7 /* CHCategrouUITests.m in Sources */,
			);
			runOnlyForDeploymentPostprocessing = 0;
		};
/* End PBXSourcesBuildPhase section */

/* Begin PBXTargetDependency section */
		2E69E97621954C570044F6C7 /* PBXTargetDependency */ = {
			isa = PBXTargetDependency;
			target = 2E69E95B21954C550044F6C7 /* CHCategrou */;
			targetProxy = 2E69E97521954C570044F6C7 /* PBXContainerItemProxy */;
		};
		2E69E98121954C570044F6C7 /* PBXTargetDependency */ = {
			isa = PBXTargetDependency;
			target = 2E69E95B21954C550044F6C7 /* CHCategrou */;
			targetProxy = 2E69E98021954C570044F6C7 /* PBXContainerItemProxy */;
		};
/* End PBXTargetDependency section */

/* Begin PBXVariantGroup section */
		2E69E96521954C550044F6C7 /* Main.storyboard */ = {
			isa = PBXVariantGroup;
			children = (
				2E69E96621954C550044F6C7 /* Base */,
			);
			name = Main.storyboard;
			sourceTree = "<group>";
		};
		2E69E96A21954C570044F6C7 /* LaunchScreen.storyboard */ = {
			isa = PBXVariantGroup;
			children = (
				2E69E96B21954C570044F6C7 /* Base */,
			);
			name = LaunchScreen.storyboard;
			sourceTree = "<group>";
		};
/* End PBXVariantGroup section */

/* Begin XCBuildConfiguration section */
		2E69E98621954C570044F6C7 /* Debug */ = {
			isa = XCBuildConfiguration;
			buildSettings = {
				ALWAYS_SEARCH_USER_PATHS = NO;
				CLANG_ANALYZER_NONNULL = YES;
				CLANG_ANALYZER_NUMBER_OBJECT_CONVERSION = YES_AGGRESSIVE;
				CLANG_CXX_LANGUAGE_STANDARD = "gnu++14";
				CLANG_CXX_LIBRARY = "libc++";
				CLANG_ENABLE_MODULES = YES;
				CLANG_ENABLE_OBJC_ARC = YES;
				CLANG_ENABLE_OBJC_WEAK = YES;
				CLANG_WARN_BLOCK_CAPTURE_AUTORELEASING = YES;
				CLANG_WARN_BOOL_CONVERSION = YES;
				CLANG_WARN_COMMA = YES;
				CLANG_WARN_CONSTANT_CONVERSION = YES;
				CLANG_WARN_DEPRECATED_OBJC_IMPLEMENTATIONS = YES;
				CLANG_WARN_DIRECT_OBJC_ISA_USAGE = YES_ERROR;
				CLANG_WARN_DOCUMENTATION_COMMENTS = YES;
				CLANG_WARN_EMPTY_BODY = YES;
				CLANG_WARN_ENUM_CONVERSION = YES;
				CLANG_WARN_INFINITE_RECURSION = YES;
				CLANG_WARN_INT_CONVERSION = YES;
				CLANG_WARN_NON_LITERAL_NULL_CONVERSION = YES;
				CLANG_WARN_OBJC_IMPLICIT_RETAIN_SELF = YES;
				CLANG_WARN_OBJC_LITERAL_CONVERSION = YES;
				CLANG_WARN_OBJC_ROOT_CLASS = YES_ERROR;
				CLANG_WARN_RANGE_LOOP_ANALYSIS = YES;
				CLANG_WARN_STRICT_PROTOTYPES = YES;
				CLANG_WARN_SUSPICIOUS_MOVE = YES;
				CLANG_WARN_UNGUARDED_AVAILABILITY = YES_AGGRESSIVE;
				CLANG_WARN_UNREACHABLE_CODE = YES;
				CLANG_WARN__DUPLICATE_METHOD_MATCH = YES;
				CODE_SIGN_IDENTITY = "iPhone Developer";
				COPY_PHASE_STRIP = NO;
				DEBUG_INFORMATION_FORMAT = dwarf;
				ENABLE_STRICT_OBJC_MSGSEND = YES;
				ENABLE_TESTABILITY = YES;
				GCC_C_LANGUAGE_STANDARD = gnu11;
				GCC_DYNAMIC_NO_PIC = NO;
				GCC_NO_COMMON_BLOCKS = YES;
				GCC_OPTIMIZATION_LEVEL = 0;
				GCC_PREPROCESSOR_DEFINITIONS = (
					"DEBUG=1",
					"$(inherited)",
				);
				GCC_WARN_64_TO_32_BIT_CONVERSION = YES;
				GCC_WARN_ABOUT_RETURN_TYPE = YES_ERROR;
				GCC_WARN_UNDECLARED_SELECTOR = YES;
				GCC_WARN_UNINITIALIZED_AUTOS = YES_AGGRESSIVE;
				GCC_WARN_UNUSED_FUNCTION = YES;
				GCC_WARN_UNUSED_VARIABLE = YES;
				IPHONEOS_DEPLOYMENT_TARGET = 12.0;
				MTL_ENABLE_DEBUG_INFO = INCLUDE_SOURCE;
				MTL_FAST_MATH = YES;
				ONLY_ACTIVE_ARCH = YES;
				SDKROOT = iphoneos;
			};
			name = Debug;
		};
		2E69E98721954C570044F6C7 /* Release */ = {
			isa = XCBuildConfiguration;
			buildSettings = {
				ALWAYS_SEARCH_USER_PATHS = NO;
				CLANG_ANALYZER_NONNULL = YES;
				CLANG_ANALYZER_NUMBER_OBJECT_CONVERSION = YES_AGGRESSIVE;
				CLANG_CXX_LANGUAGE_STANDARD = "gnu++14";
				CLANG_CXX_LIBRARY = "libc++";
				CLANG_ENABLE_MODULES = YES;
				CLANG_ENABLE_OBJC_ARC = YES;
				CLANG_ENABLE_OBJC_WEAK = YES;
				CLANG_WARN_BLOCK_CAPTURE_AUTORELEASING = YES;
				CLANG_WARN_BOOL_CONVERSION = YES;
				CLANG_WARN_COMMA = YES;
				CLANG_WARN_CONSTANT_CONVERSION = YES;
				CLANG_WARN_DEPRECATED_OBJC_IMPLEMENTATIONS = YES;
				CLANG_WARN_DIRECT_OBJC_ISA_USAGE = YES_ERROR;
				CLANG_WARN_DOCUMENTATION_COMMENTS = YES;
				CLANG_WARN_EMPTY_BODY = YES;
				CLANG_WARN_ENUM_CONVERSION = YES;
				CLANG_WARN_INFINITE_RECURSION = YES;
				CLANG_WARN_INT_CONVERSION = YES;
				CLANG_WARN_NON_LITERAL_NULL_CONVERSION = YES;
				CLANG_WARN_OBJC_IMPLICIT_RETAIN_SELF = YES;
				CLANG_WARN_OBJC_LITERAL_CONVERSION = YES;
				CLANG_WARN_OBJC_ROOT_CLASS = YES_ERROR;
				CLANG_WARN_RANGE_LOOP_ANALYSIS = YES;
				CLANG_WARN_STRICT_PROTOTYPES = YES;
				CLANG_WARN_SUSPICIOUS_MOVE = YES;
				CLANG_WARN_UNGUARDED_AVAILABILITY = YES_AGGRESSIVE;
				CLANG_WARN_UNREACHABLE_CODE = YES;
				CLANG_WARN__DUPLICATE_METHOD_MATCH = YES;
				CODE_SIGN_IDENTITY = "iPhone Developer";
				COPY_PHASE_STRIP = NO;
				DEBUG_INFORMATION_FORMAT = "dwarf-with-dsym";
				ENABLE_NS_ASSERTIONS = NO;
				ENABLE_STRICT_OBJC_MSGSEND = YES;
				GCC_C_LANGUAGE_STANDARD = gnu11;
				GCC_NO_COMMON_BLOCKS = YES;
				GCC_WARN_64_TO_32_BIT_CONVERSION = YES;
				GCC_WARN_ABOUT_RETURN_TYPE = YES_ERROR;
				GCC_WARN_UNDECLARED_SELECTOR = YES;
				GCC_WARN_UNINITIALIZED_AUTOS = YES_AGGRESSIVE;
				GCC_WARN_UNUSED_FUNCTION = YES;
				GCC_WARN_UNUSED_VARIABLE = YES;
				IPHONEOS_DEPLOYMENT_TARGET = 12.0;
				MTL_ENABLE_DEBUG_INFO = NO;
				MTL_FAST_MATH = YES;
				SDKROOT = iphoneos;
				VALIDATE_PRODUCT = YES;
			};
			name = Release;
		};
		2E69E98921954C570044F6C7 /* Debug */ = {
			isa = XCBuildConfiguration;
			buildSettings = {
				ASSETCATALOG_COMPILER_APPICON_NAME = AppIcon;
				CODE_SIGN_STYLE = Automatic;
				DEVELOPMENT_TEAM = HBRF2536XQ;
				INFOPLIST_FILE = CHCategrou/Info.plist;
				LD_RUNPATH_SEARCH_PATHS = (
					"$(inherited)",
					"@executable_path/Frameworks",
				);
				PRODUCT_BUNDLE_IDENTIFIER = com.daofeng.CHCategrou;
				PRODUCT_NAME = "$(TARGET_NAME)";
				TARGETED_DEVICE_FAMILY = "1,2";
			};
			name = Debug;
		};
		2E69E98A21954C570044F6C7 /* Release */ = {
			isa = XCBuildConfiguration;
			buildSettings = {
				ASSETCATALOG_COMPILER_APPICON_NAME = AppIcon;
				CODE_SIGN_STYLE = Automatic;
				DEVELOPMENT_TEAM = HBRF2536XQ;
				INFOPLIST_FILE = CHCategrou/Info.plist;
				LD_RUNPATH_SEARCH_PATHS = (
					"$(inherited)",
					"@executable_path/Frameworks",
				);
				PRODUCT_BUNDLE_IDENTIFIER = com.daofeng.CHCategrou;
				PRODUCT_NAME = "$(TARGET_NAME)";
				TARGETED_DEVICE_FAMILY = "1,2";
			};
			name = Release;
		};
		2E69E98C21954C570044F6C7 /* Debug */ = {
			isa = XCBuildConfiguration;
			buildSettings = {
				BUNDLE_LOADER = "$(TEST_HOST)";
				CODE_SIGN_STYLE = Automatic;
				DEVELOPMENT_TEAM = HBRF2536XQ;
				INFOPLIST_FILE = CHCategrouTests/Info.plist;
				LD_RUNPATH_SEARCH_PATHS = (
					"$(inherited)",
					"@executable_path/Frameworks",
					"@loader_path/Frameworks",
				);
				PRODUCT_BUNDLE_IDENTIFIER = com.daofeng.CHCategrouTests;
				PRODUCT_NAME = "$(TARGET_NAME)";
				TARGETED_DEVICE_FAMILY = "1,2";
				TEST_HOST = "$(BUILT_PRODUCTS_DIR)/CHCategrou.app/CHCategrou";
			};
			name = Debug;
		};
		2E69E98D21954C570044F6C7 /* Release */ = {
			isa = XCBuildConfiguration;
			buildSettings = {
				BUNDLE_LOADER = "$(TEST_HOST)";
				CODE_SIGN_STYLE = Automatic;
				DEVELOPMENT_TEAM = HBRF2536XQ;
				INFOPLIST_FILE = CHCategrouTests/Info.plist;
				LD_RUNPATH_SEARCH_PATHS = (
					"$(inherited)",
					"@executable_path/Frameworks",
					"@loader_path/Frameworks",
				);
				PRODUCT_BUNDLE_IDENTIFIER = com.daofeng.CHCategrouTests;
				PRODUCT_NAME = "$(TARGET_NAME)";
				TARGETED_DEVICE_FAMILY = "1,2";
				TEST_HOST = "$(BUILT_PRODUCTS_DIR)/CHCategrou.app/CHCategrou";
			};
			name = Release;
		};
		2E69E98F21954C570044F6C7 /* Debug */ = {
			isa = XCBuildConfiguration;
			buildSettings = {
				CODE_SIGN_STYLE = Automatic;
				DEVELOPMENT_TEAM = HBRF2536XQ;
				INFOPLIST_FILE = CHCategrouUITests/Info.plist;
				LD_RUNPATH_SEARCH_PATHS = (
					"$(inherited)",
					"@executable_path/Frameworks",
					"@loader_path/Frameworks",
				);
				PRODUCT_BUNDLE_IDENTIFIER = com.daofeng.CHCategrouUITests;
				PRODUCT_NAME = "$(TARGET_NAME)";
				TARGETED_DEVICE_FAMILY = "1,2";
				TEST_TARGET_NAME = CHCategrou;
			};
			name = Debug;
		};
		2E69E99021954C570044F6C7 /* Release */ = {
			isa = XCBuildConfiguration;
			buildSettings = {
				CODE_SIGN_STYLE = Automatic;
				DEVELOPMENT_TEAM = HBRF2536XQ;
				INFOPLIST_FILE = CHCategrouUITests/Info.plist;
				LD_RUNPATH_SEARCH_PATHS = (
					"$(inherited)",
					"@executable_path/Frameworks",
					"@loader_path/Frameworks",
				);
				PRODUCT_BUNDLE_IDENTIFIER = com.daofeng.CHCategrouUITests;
				PRODUCT_NAME = "$(TARGET_NAME)";
				TARGETED_DEVICE_FAMILY = "1,2";
				TEST_TARGET_NAME = CHCategrou;
			};
			name = Release;
		};
/* End XCBuildConfiguration section */

/* Begin XCConfigurationList section */
		2E69E95721954C550044F6C7 /* Build configuration list for PBXProject "CHCategrou" */ = {
			isa = XCConfigurationList;
			buildConfigurations = (
				2E69E98621954C570044F6C7 /* Debug */,
				2E69E98721954C570044F6C7 /* Release */,
			);
			defaultConfigurationIsVisible = 0;
			defaultConfigurationName = Release;
		};
		2E69E98821954C570044F6C7 /* Build configuration list for PBXNativeTarget "CHCategrou" */ = {
			isa = XCConfigurationList;
			buildConfigurations = (
				2E69E98921954C570044F6C7 /* Debug */,
				2E69E98A21954C570044F6C7 /* Release */,
			);
			defaultConfigurationIsVisible = 0;
			defaultConfigurationName = Release;
		};
		2E69E98B21954C570044F6C7 /* Build configuration list for PBXNativeTarget "CHCategrouTests" */ = {
			isa = XCConfigurationList;
			buildConfigurations = (
				2E69E98C21954C570044F6C7 /* Debug */,
				2E69E98D21954C570044F6C7 /* Release */,
			);
			defaultConfigurationIsVisible = 0;
			defaultConfigurationName = Release;
		};
		2E69E98E21954C570044F6C7 /* Build configuration list for PBXNativeTarget "CHCategrouUITests" */ = {
			isa = XCConfigurationList;
			buildConfigurations = (
				2E69E98F21954C570044F6C7 /* Debug */,
				2E69E99021954C570044F6C7 /* Release */,
			);
			defaultConfigurationIsVisible = 0;
			defaultConfigurationName = Release;
		};
/* End XCConfigurationList section */
	};
	rootObject = 2E69E95421954C550044F6C7 /* Project object */;
}
